
Microsoft Visual Studio Solution File, Format Version 12.00
# Visual Studio Version 16
VisualStudioVersion = 16.0.32413.511
MinimumVisualStudioVersion = 10.0.40219.1
Project("{FAE04EC0-301F-11D3-BF4B-00C04F79EFBC}") = "FirebaseTutorial", "FirebaseTutorial\FirebaseTutorial.csproj", "{1C282457-2D7F-4B1F-B23F-1CF48F2C7B1D}"
EndProject
Global
	GlobalSection(SolutionConfigurationPlatforms) = preSolution
		Debug|Any CPU = Debug|Any CPU
		Release|Any CPU = Release|Any CPU
	EndGlobalSection
	GlobalSection(ProjectConfigurationPlatforms) = postSolution
		{1C282457-2D7F-4B1F-B23F-1CF48F2C7B1D}.Debug|Any CPU.ActiveCfg = Debug|Any CPU
		{1C282457-2D7F-4B1F-B23F-1CF48F2C7B1D}.Debug|Any CPU.Build.0 = Debug|Any CPU
		{1C282457-2D7F-4B1F-B23F-1CF48F2C7B1D}.Release|Any CPU.ActiveCfg = Release|Any CPU
		{1C282457-2D7F-4B1F-B23F-1CF48F2C7B1D}.Release|Any CPU.Build.0 = Release|Any CPU
	EndGlobalSection
	GlobalSection(SolutionProperties) = preSolution
		HideSolutionNode = FALSE
	EndGlobalSection
	GlobalSection(ExtensibilityGlobals) = postSolution
		SolutionGuid = {EAB61B19-78E6-4C54-B7AC-1BCF15CBF188}
	EndGlobalSection
EndGlobal
